
Microsoft Visual Studio Solution File, Format Version 12.00
# Visual Studio Version 17
VisualStudioVersion = 17.2.32616.157
MinimumVisualStudioVersion = 10.0.40219.1
Project("{FAE04EC0-301F-11D3-BF4B-00C04F79EFBC}") = "HelloWorldGrafico", "HelloWorldGrafico\HelloWorldGrafico.csproj", "{3149DA65-2AD3-4E5E-BFDC-937AACB9C85D}"
EndProject
Global
	GlobalSection(SolutionConfigurationPlatforms) = preSolution
		Debug|Any CPU = Debug|Any CPU
		Release|Any CPU = Release|Any CPU
	EndGlobalSection
	GlobalSection(ProjectConfigurationPlatforms) = postSolution
		{3149DA65-2AD3-4E5E-BFDC-937AACB9C85D}.Debug|Any CPU.ActiveCfg = Debug|Any CPU
		{3149DA65-2AD3-4E5E-BFDC-937AACB9C85D}.Debug|Any CPU.Build.0 = Debug|Any CPU
		{3149DA65-2AD3-4E5E-BFDC-937AACB9C85D}.Release|Any CPU.ActiveCfg = Release|Any CPU
		{3149DA65-2AD3-4E5E-BFDC-937AACB9C85D}.Release|Any CPU.Build.0 = Release|Any CPU
	EndGlobalSection
	GlobalSection(SolutionProperties) = preSolution
		HideSolutionNode = FALSE
	EndGlobalSection
	GlobalSection(ExtensibilityGlobals) = postSolution
		SolutionGuid = {BF2559D7-EB8C-4AFA-A983-FB349214C9A0}
	EndGlobalSection
EndGlobal
