
Microsoft Visual Studio Solution File, Format Version 12.00
# Visual Studio Version 17
VisualStudioVersion = 17.2.32602.215
MinimumVisualStudioVersion = 10.0.40219.1
Project("{FAE04EC0-301F-11D3-BF4B-00C04F79EFBC}") = "Calificaciones", "Calificaciones\Calificaciones.csproj", "{1AA6C604-0943-4B5C-B17F-C57376BF837A}"
EndProject
Global
	GlobalSection(SolutionConfigurationPlatforms) = preSolution
		Debug|Any CPU = Debug|Any CPU
		Release|Any CPU = Release|Any CPU
	EndGlobalSection
	GlobalSection(ProjectConfigurationPlatforms) = postSolution
		{1AA6C604-0943-4B5C-B17F-C57376BF837A}.Debug|Any CPU.ActiveCfg = Debug|Any CPU
		{1AA6C604-0943-4B5C-B17F-C57376BF837A}.Debug|Any CPU.Build.0 = Debug|Any CPU
		{1AA6C604-0943-4B5C-B17F-C57376BF837A}.Release|Any CPU.ActiveCfg = Release|Any CPU
		{1AA6C604-0943-4B5C-B17F-C57376BF837A}.Release|Any CPU.Build.0 = Release|Any CPU
	EndGlobalSection
	GlobalSection(SolutionProperties) = preSolution
		HideSolutionNode = FALSE
	EndGlobalSection
	GlobalSection(ExtensibilityGlobals) = postSolution
		SolutionGuid = {611D331D-4E7B-4443-84D9-3B23BFA1A9C5}
	EndGlobalSection
EndGlobal
