
Microsoft Visual Studio Solution File, Format Version 12.00
# Visual Studio Version 17
VisualStudioVersion = 17.2.32616.157
MinimumVisualStudioVersion = 10.0.40219.1
Project("{FAE04EC0-301F-11D3-BF4B-00C04F79EFBC}") = "Hrencia", "Hrencia\Hrencia.csproj", "{5B81EC63-CF1E-4B79-AEAA-0341D1958DBE}"
EndProject
Global
	GlobalSection(SolutionConfigurationPlatforms) = preSolution
		Debug|Any CPU = Debug|Any CPU
		Release|Any CPU = Release|Any CPU
	EndGlobalSection
	GlobalSection(ProjectConfigurationPlatforms) = postSolution
		{5B81EC63-CF1E-4B79-AEAA-0341D1958DBE}.Debug|Any CPU.ActiveCfg = Debug|Any CPU
		{5B81EC63-CF1E-4B79-AEAA-0341D1958DBE}.Debug|Any CPU.Build.0 = Debug|Any CPU
		{5B81EC63-CF1E-4B79-AEAA-0341D1958DBE}.Release|Any CPU.ActiveCfg = Release|Any CPU
		{5B81EC63-CF1E-4B79-AEAA-0341D1958DBE}.Release|Any CPU.Build.0 = Release|Any CPU
	EndGlobalSection
	GlobalSection(SolutionProperties) = preSolution
		HideSolutionNode = FALSE
	EndGlobalSection
	GlobalSection(ExtensibilityGlobals) = postSolution
		SolutionGuid = {EBC36A01-5F93-44CD-8BE6-CC82E87FF82A}
	EndGlobalSection
EndGlobal
