
Microsoft Visual Studio Solution File, Format Version 12.00
# Visual Studio Version 17
VisualStudioVersion = 17.2.32616.157
MinimumVisualStudioVersion = 10.0.40219.1
Project("{FAE04EC0-301F-11D3-BF4B-00C04F79EFBC}") = "ListasTipoPila", "ListasTipoPila\ListasTipoPila.csproj", "{345CB6A7-51AF-4717-9B0E-E28DA01B7D72}"
EndProject
Global
	GlobalSection(SolutionConfigurationPlatforms) = preSolution
		Debug|Any CPU = Debug|Any CPU
		Release|Any CPU = Release|Any CPU
	EndGlobalSection
	GlobalSection(ProjectConfigurationPlatforms) = postSolution
		{345CB6A7-51AF-4717-9B0E-E28DA01B7D72}.Debug|Any CPU.ActiveCfg = Debug|Any CPU
		{345CB6A7-51AF-4717-9B0E-E28DA01B7D72}.Debug|Any CPU.Build.0 = Debug|Any CPU
		{345CB6A7-51AF-4717-9B0E-E28DA01B7D72}.Release|Any CPU.ActiveCfg = Release|Any CPU
		{345CB6A7-51AF-4717-9B0E-E28DA01B7D72}.Release|Any CPU.Build.0 = Release|Any CPU
	EndGlobalSection
	GlobalSection(SolutionProperties) = preSolution
		HideSolutionNode = FALSE
	EndGlobalSection
	GlobalSection(ExtensibilityGlobals) = postSolution
		SolutionGuid = {0F2ACA5C-B2A3-4049-A4F5-E71D74118E9C}
	EndGlobalSection
EndGlobal
