
Microsoft Visual Studio Solution File, Format Version 12.00
# Visual Studio Version 17
VisualStudioVersion = 17.2.32526.322
MinimumVisualStudioVersion = 10.0.40219.1
Project("{FAE04EC0-301F-11D3-BF4B-00C04F79EFBC}") = "CalculoSueldo", "CalculoSueldo\CalculoSueldo.csproj", "{E63C0612-2AFA-4483-A6EB-56DEF0054303}"
EndProject
Global
	GlobalSection(SolutionConfigurationPlatforms) = preSolution
		Debug|Any CPU = Debug|Any CPU
		Release|Any CPU = Release|Any CPU
	EndGlobalSection
	GlobalSection(ProjectConfigurationPlatforms) = postSolution
		{E63C0612-2AFA-4483-A6EB-56DEF0054303}.Debug|Any CPU.ActiveCfg = Debug|Any CPU
		{E63C0612-2AFA-4483-A6EB-56DEF0054303}.Debug|Any CPU.Build.0 = Debug|Any CPU
		{E63C0612-2AFA-4483-A6EB-56DEF0054303}.Release|Any CPU.ActiveCfg = Release|Any CPU
		{E63C0612-2AFA-4483-A6EB-56DEF0054303}.Release|Any CPU.Build.0 = Release|Any CPU
	EndGlobalSection
	GlobalSection(SolutionProperties) = preSolution
		HideSolutionNode = FALSE
	EndGlobalSection
	GlobalSection(ExtensibilityGlobals) = postSolution
		SolutionGuid = {48BBF027-671D-429D-96DD-F02B1DAE0770}
	EndGlobalSection
EndGlobal
