
Microsoft Visual Studio Solution File, Format Version 12.00
# Visual Studio Version 17
VisualStudioVersion = 17.3.32929.385
MinimumVisualStudioVersion = 10.0.40219.1
Project("{FAE04EC0-301F-11D3-BF4B-00C04F79EFBC}") = "TriangleAreaCalc", "TriangleAreaCalc\TriangleAreaCalc.csproj", "{A82FD105-657E-4325-8FE0-32CE9A4EAD3D}"
EndProject
Global
	GlobalSection(SolutionConfigurationPlatforms) = preSolution
		Debug|Any CPU = Debug|Any CPU
		Release|Any CPU = Release|Any CPU
	EndGlobalSection
	GlobalSection(ProjectConfigurationPlatforms) = postSolution
		{A82FD105-657E-4325-8FE0-32CE9A4EAD3D}.Debug|Any CPU.ActiveCfg = Debug|Any CPU
		{A82FD105-657E-4325-8FE0-32CE9A4EAD3D}.Debug|Any CPU.Build.0 = Debug|Any CPU
		{A82FD105-657E-4325-8FE0-32CE9A4EAD3D}.Release|Any CPU.ActiveCfg = Release|Any CPU
		{A82FD105-657E-4325-8FE0-32CE9A4EAD3D}.Release|Any CPU.Build.0 = Release|Any CPU
	EndGlobalSection
	GlobalSection(SolutionProperties) = preSolution
		HideSolutionNode = FALSE
	EndGlobalSection
	GlobalSection(ExtensibilityGlobals) = postSolution
		SolutionGuid = {8B34987A-F24C-41C7-8347-FC2B1DC05CC1}
	EndGlobalSection
EndGlobal
